<?xml version="1.0" encoding="utf-8"?>
<Project ToolsVersion="4.0" xmlns="http://schemas.microsoft.com/developer/msbuild/2003">
  <ItemGroup>
    <ClCompile Include="..\src\Sudoku\Sudoku.cpp" />
    <ClCompile Include="..\src\Sudoku\Main.cpp" />
  </ItemGroup>
  <ItemGroup>
    <ClInclude Include="..\src\Sudoku\Sudoku.h" />
  </ItemGroup>
</Project>